
Microsoft Visual Studio Solution File, Format Version 12.00
# Visual Studio 15
VisualStudioVersion = 15.0.27703.2035
MinimumVisualStudioVersion = 10.0.40219.1
Project("{888888A0-9F3D-457C-B088-3A5042F75D52}") = "FizzBuzz", "FizzBuzz\FizzBuzz.pyproj", "{1C98C112-807A-471D-8C74-4D3BA431C03B}"
EndProject
Global
	GlobalSection(SolutionConfigurationPlatforms) = preSolution
		Debug|Any CPU = Debug|Any CPU
		Release|Any CPU = Release|Any CPU
	EndGlobalSection
	GlobalSection(ProjectConfigurationPlatforms) = postSolution
		{1C98C112-807A-471D-8C74-4D3BA431C03B}.Debug|Any CPU.ActiveCfg = Debug|Any CPU
		{1C98C112-807A-471D-8C74-4D3BA431C03B}.Release|Any CPU.ActiveCfg = Release|Any CPU
	EndGlobalSection
	GlobalSection(SolutionProperties) = preSolution
		HideSolutionNode = FALSE
	EndGlobalSection
	GlobalSection(ExtensibilityGlobals) = postSolution
		SolutionGuid = {754CF53D-40B5-4409-ADCC-84F29923CBD3}
	EndGlobalSection
EndGlobal
